
Microsoft Visual Studio Solution File, Format Version 12.00
# Visual Studio 15
VisualStudioVersion = 15.0.28307.329
MinimumVisualStudioVersion = 10.0.40219.1
Project("{2150E333-8FDC-42A3-9474-1A3956D46DE8}") = "Core", "Core", "{AE36A47E-0AD2-498F-BE89-0087B3506EBF}"
EndProject
Project("{2150E333-8FDC-42A3-9474-1A3956D46DE8}") = "Tests", "Tests", "{4001C534-922C-4003-B45D-30DEA50BACFA}"
EndProject
Project("{9A19103F-16F7-4668-BE54-9A1E7A4F7556}") = "Mailjet.SimpleClient.Tests", "tests\Mailjet.SimpleClient.Tests\Mailjet.SimpleClient.Tests.csproj", "{9FA36DCD-0303-42F5-858D-3261E03FAC5F}"
EndProject
Project("{2150E333-8FDC-42A3-9474-1A3956D46DE8}") = "Samples", "Samples", "{0B789B9B-14B0-49C7-B521-48418DEE70DC}"
EndProject
Project("{9A19103F-16F7-4668-BE54-9A1E7A4F7556}") = "MailjetEmailClientSample", "sample\MailjetEmailClientSample\MailjetEmailClientSample.csproj", "{9C4FD7FD-D013-4992-9868-DB64CCEA1B13}"
EndProject
Project("{2150E333-8FDC-42A3-9474-1A3956D46DE8}") = "Infrastructure", "Infrastructure", "{02EA1761-EBE7-4CAA-97B9-D63EC5E4FA83}"
EndProject
Project("{9A19103F-16F7-4668-BE54-9A1E7A4F7556}") = "MailjetSimpleClientAspNetSample", "sample\MailjetSimpleClientAspNetSample\MailjetSimpleClientAspNetSample.csproj", "{C994FE2C-7992-432A-84F8-A5B0ECE170B5}"
EndProject
Project("{9A19103F-16F7-4668-BE54-9A1E7A4F7556}") = "Mailjet.SimpleClient", "src\Mailjet.SimpleClient\Mailjet.SimpleClient.csproj", "{CA5BE6A3-DD54-4CB3-810B-97A3A377483B}"
EndProject
Project("{9A19103F-16F7-4668-BE54-9A1E7A4F7556}") = "Mailjet.SimpleClient.Core", "src\Mailjet.SimpleClient.Core\Mailjet.SimpleClient.Core.csproj", "{890CEAFD-370E-4324-B841-503421AD3487}"
EndProject
Project("{9A19103F-16F7-4668-BE54-9A1E7A4F7556}") = "MailjetSimpleClientAspNet1.1Sample", "sample\MailjetSimpleClientAspNet1.1Sample\MailjetSimpleClientAspNet1.1Sample.csproj", "{AAE1DB47-8CB1-4B68-9B9C-433A422DDE12}"
EndProject
Global
	GlobalSection(SolutionConfigurationPlatforms) = preSolution
		Debug|Any CPU = Debug|Any CPU
		Release|Any CPU = Release|Any CPU
	EndGlobalSection
	GlobalSection(ProjectConfigurationPlatforms) = postSolution
		{9FA36DCD-0303-42F5-858D-3261E03FAC5F}.Debug|Any CPU.ActiveCfg = Debug|Any CPU
		{9FA36DCD-0303-42F5-858D-3261E03FAC5F}.Debug|Any CPU.Build.0 = Debug|Any CPU
		{9FA36DCD-0303-42F5-858D-3261E03FAC5F}.Release|Any CPU.ActiveCfg = Release|Any CPU
		{9FA36DCD-0303-42F5-858D-3261E03FAC5F}.Release|Any CPU.Build.0 = Release|Any CPU
		{9C4FD7FD-D013-4992-9868-DB64CCEA1B13}.Debug|Any CPU.ActiveCfg = Debug|Any CPU
		{9C4FD7FD-D013-4992-9868-DB64CCEA1B13}.Debug|Any CPU.Build.0 = Debug|Any CPU
		{9C4FD7FD-D013-4992-9868-DB64CCEA1B13}.Release|Any CPU.ActiveCfg = Release|Any CPU
		{9C4FD7FD-D013-4992-9868-DB64CCEA1B13}.Release|Any CPU.Build.0 = Release|Any CPU
		{C994FE2C-7992-432A-84F8-A5B0ECE170B5}.Debug|Any CPU.ActiveCfg = Debug|Any CPU
		{C994FE2C-7992-432A-84F8-A5B0ECE170B5}.Debug|Any CPU.Build.0 = Debug|Any CPU
		{C994FE2C-7992-432A-84F8-A5B0ECE170B5}.Release|Any CPU.ActiveCfg = Release|Any CPU
		{C994FE2C-7992-432A-84F8-A5B0ECE170B5}.Release|Any CPU.Build.0 = Release|Any CPU
		{CA5BE6A3-DD54-4CB3-810B-97A3A377483B}.Debug|Any CPU.ActiveCfg = Debug|Any CPU
		{CA5BE6A3-DD54-4CB3-810B-97A3A377483B}.Debug|Any CPU.Build.0 = Debug|Any CPU
		{CA5BE6A3-DD54-4CB3-810B-97A3A377483B}.Release|Any CPU.ActiveCfg = Release|Any CPU
		{CA5BE6A3-DD54-4CB3-810B-97A3A377483B}.Release|Any CPU.Build.0 = Release|Any CPU
		{890CEAFD-370E-4324-B841-503421AD3487}.Debug|Any CPU.ActiveCfg = Debug|Any CPU
		{890CEAFD-370E-4324-B841-503421AD3487}.Debug|Any CPU.Build.0 = Debug|Any CPU
		{890CEAFD-370E-4324-B841-503421AD3487}.Release|Any CPU.ActiveCfg = Release|Any CPU
		{890CEAFD-370E-4324-B841-503421AD3487}.Release|Any CPU.Build.0 = Release|Any CPU
		{AAE1DB47-8CB1-4B68-9B9C-433A422DDE12}.Debug|Any CPU.ActiveCfg = Debug|Any CPU
		{AAE1DB47-8CB1-4B68-9B9C-433A422DDE12}.Debug|Any CPU.Build.0 = Debug|Any CPU
		{AAE1DB47-8CB1-4B68-9B9C-433A422DDE12}.Release|Any CPU.ActiveCfg = Release|Any CPU
		{AAE1DB47-8CB1-4B68-9B9C-433A422DDE12}.Release|Any CPU.Build.0 = Release|Any CPU
	EndGlobalSection
	GlobalSection(SolutionProperties) = preSolution
		HideSolutionNode = FALSE
	EndGlobalSection
	GlobalSection(NestedProjects) = preSolution
		{9FA36DCD-0303-42F5-858D-3261E03FAC5F} = {4001C534-922C-4003-B45D-30DEA50BACFA}
		{9C4FD7FD-D013-4992-9868-DB64CCEA1B13} = {0B789B9B-14B0-49C7-B521-48418DEE70DC}
		{C994FE2C-7992-432A-84F8-A5B0ECE170B5} = {0B789B9B-14B0-49C7-B521-48418DEE70DC}
		{CA5BE6A3-DD54-4CB3-810B-97A3A377483B} = {02EA1761-EBE7-4CAA-97B9-D63EC5E4FA83}
		{890CEAFD-370E-4324-B841-503421AD3487} = {AE36A47E-0AD2-498F-BE89-0087B3506EBF}
		{AAE1DB47-8CB1-4B68-9B9C-433A422DDE12} = {0B789B9B-14B0-49C7-B521-48418DEE70DC}
	EndGlobalSection
	GlobalSection(ExtensibilityGlobals) = postSolution
		SolutionGuid = {BE67B65C-D8B0-47B7-96B2-215DCEC91F52}
	EndGlobalSection
EndGlobal
